// !$*UTF8*$!
{
	archiveVersion = 1;
	classes = {
	};
	objectVersion = 50;
	objects = {

/* Begin PBXBuildFile section */
		04A7F2662537F2F80028E12D /* AppDelegate.swift in Sources */ = {isa = PBXBuildFile; fileRef = 04A7F2652537F2F80028E12D /* AppDelegate.swift */; };
		04A7F2682537F2F80028E12D /* SceneDelegate.swift in Sources */ = {isa = PBXBuildFile; fileRef = 04A7F2672537F2F80028E12D /* SceneDelegate.swift */; };
		04A7F26A2537F2F80028E12D /* ViewController.swift in Sources */ = {isa = PBXBuildFile; fileRef = 04A7F2692537F2F80028E12D /* ViewController.swift */; };
		04A7F26D2537F2F80028E12D /* Main.storyboard in Resources */ = {isa = PBXBuildFile; fileRef = 04A7F26B2537F2F80028E12D /* Main.storyboard */; };
		04A7F26F2537F2FA0028E12D /* Assets.xcassets in Resources */ = {isa = PBXBuildFile; fileRef = 04A7F26E2537F2FA0028E12D /* Assets.xcassets */; };
		04A7F2722537F2FA0028E12D /* LaunchScreen.storyboard in Resources */ = {isa = PBXBuildFile; fileRef = 04A7F2702537F2FA0028E12D /* LaunchScreen.storyboard */; };
		04A7F27D2537F2FB0028E12D /* pratilipyTests.swift in Sources */ = {isa = PBXBuildFile; fileRef = 04A7F27C2537F2FB0028E12D /* pratilipyTests.swift */; };
		04A7F2882537F2FB0028E12D /* pratilipyUITests.swift in Sources */ = {isa = PBXBuildFile; fileRef = 04A7F2872537F2FB0028E12D /* pratilipyUITests.swift */; };
		04A7F2962537F8380028E12D /* BookTableViewCell.swift in Sources */ = {isa = PBXBuildFile; fileRef = 04A7F2952537F8380028E12D /* BookTableViewCell.swift */; };
		04A7F2982537FEC20028E12D /* HeaderTableViewCell.swift in Sources */ = {isa = PBXBuildFile; fileRef = 04A7F2972537FEC20028E12D /* HeaderTableViewCell.swift */; };
/* End PBXBuildFile section */

/* Begin PBXContainerItemProxy section */
		04A7F2792537F2FB0028E12D /* PBXContainerItemProxy */ = {
			isa = PBXContainerItemProxy;
			containerPortal = 04A7F25A2537F2F80028E12D /* Project object */;
			proxyType = 1;
			remoteGlobalIDString = 04A7F2612537F2F80028E12D;
			remoteInfo = pratilipy;
		};
		04A7F2842537F2FB0028E12D /* PBXContainerItemProxy */ = {
			isa = PBXContainerItemProxy;
			containerPortal = 04A7F25A2537F2F80028E12D /* Project object */;
			proxyType = 1;
			remoteGlobalIDString = 04A7F2612537F2F80028E12D;
			remoteInfo = pratilipy;
		};
/* End PBXContainerItemProxy section */

/* Begin PBXFileReference section */
		04A7F2622537F2F80028E12D /* pratilipy.app */ = {isa = PBXFileReference; explicitFileType = wrapper.application; includeInIndex = 0; path = pratilipy.app; sourceTree = BUILT_PRODUCTS_DIR; };
		04A7F2652537F2F80028E12D /* AppDelegate.swift */ = {isa = PBXFileReference; lastKnownFileType = sourcecode.swift; path = AppDelegate.swift; sourceTree = "<group>"; };
		04A7F2672537F2F80028E12D /* SceneDelegate.swift */ = {isa = PBXFileReference; lastKnownFileType = sourcecode.swift; path = SceneDelegate.swift; sourceTree = "<group>"; };
		04A7F2692537F2F80028E12D /* ViewController.swift */ = {isa = PBXFileReference; lastKnownFileType = sourcecode.swift; path = ViewController.swift; sourceTree = "<group>"; };
		04A7F26C2537F2F80028E12D /* Base */ = {isa = PBXFileReference; lastKnownFileType = file.storyboard; name = Base; path = Base.lproj/Main.storyboard; sourceTree = "<group>"; };
		04A7F26E2537F2FA0028E12D /* Assets.xcassets */ = {isa = PBXFileReference; lastKnownFileType = folder.assetcatalog; path = Assets.xcassets; sourceTree = "<group>"; };
		04A7F2712537F2FA0028E12D /* Base */ = {isa = PBXFileReference; lastKnownFileType = file.storyboard; name = Base; path = Base.lproj/LaunchScreen.storyboard; sourceTree = "<group>"; };
		04A7F2732537F2FA0028E12D /* Info.plist */ = {isa = PBXFileReference; lastKnownFileType = text.plist.xml; path = Info.plist; sourceTree = "<group>"; };
		04A7F2782537F2FB0028E12D /* pratilipyTests.xctest */ = {isa = PBXFileReference; explicitFileType = wrapper.cfbundle; includeInIndex = 0; path = pratilipyTests.xctest; sourceTree = BUILT_PRODUCTS_DIR; };
		04A7F27C2537F2FB0028E12D /* pratilipyTests.swift */ = {isa = PBXFileReference; lastKnownFileType = sourcecode.swift; path = pratilipyTests.swift; sourceTree = "<group>"; };
		04A7F27E2537F2FB0028E12D /* Info.plist */ = {isa = PBXFileReference; lastKnownFileType = text.plist.xml; path = Info.plist; sourceTree = "<group>"; };
		04A7F2832537F2FB0028E12D /* pratilipyUITests.xctest */ = {isa = PBXFileReference; explicitFileType = wrapper.cfbundle; includeInIndex = 0; path = pratilipyUITests.xctest; sourceTree = BUILT_PRODUCTS_DIR; };
		04A7F2872537F2FB0028E12D /* pratilipyUITests.swift */ = {isa = PBXFileReference; lastKnownFileType = sourcecode.swift; path = pratilipyUITests.swift; sourceTree = "<group>"; };
		04A7F2892537F2FB0028E12D /* Info.plist */ = {isa = PBXFileReference; lastKnownFileType = text.plist.xml; path = Info.plist; sourceTree = "<group>"; };
		04A7F2952537F8380028E12D /* BookTableViewCell.swift */ = {isa = PBXFileReference; lastKnownFileType = sourcecode.swift; path = BookTableViewCell.swift; sourceTree = "<group>"; };
		04A7F2972537FEC20028E12D /* HeaderTableViewCell.swift */ = {isa = PBXFileReference; lastKnownFileType = sourcecode.swift; path = HeaderTableViewCell.swift; sourceTree = "<group>"; };
/* End PBXFileReference section */

/* Begin PBXFrameworksBuildPhase section */
		04A7F25F2537F2F80028E12D /* Frameworks */ = {
			isa = PBXFrameworksBuildPhase;
			buildActionMask = 2147483647;
			files = (
			);
			runOnlyForDeploymentPostprocessing = 0;
		};
		04A7F2752537F2FB0028E12D /* Frameworks */ = {
			isa = PBXFrameworksBuildPhase;
			buildActionMask = 2147483647;
			files = (
			);
			runOnlyForDeploymentPostprocessing = 0;
		};
		04A7F2802537F2FB0028E12D /* Frameworks */ = {
			isa = PBXFrameworksBuildPhase;
			buildActionMask = 2147483647;
			files = (
			);
			runOnlyForDeploymentPostprocessing = 0;
		};
/* End PBXFrameworksBuildPhase section */

/* Begin PBXGroup section */
		04A7F2592537F2F80028E12D = {
			isa = PBXGroup;
			children = (
				04A7F2642537F2F80028E12D /* pratilipy */,
				04A7F27B2537F2FB0028E12D /* pratilipyTests */,
				04A7F2862537F2FB0028E12D /* pratilipyUITests */,
				04A7F2632537F2F80028E12D /* Products */,
			);
			sourceTree = "<group>";
		};
		04A7F2632537F2F80028E12D /* Products */ = {
			isa = PBXGroup;
			children = (
				04A7F2622537F2F80028E12D /* pratilipy.app */,
				04A7F2782537F2FB0028E12D /* pratilipyTests.xctest */,
				04A7F2832537F2FB0028E12D /* pratilipyUITests.xctest */,
			);
			name = Products;
			sourceTree = "<group>";
		};
		04A7F2642537F2F80028E12D /* pratilipy */ = {
			isa = PBXGroup;
			children = (
				04A7F2652537F2F80028E12D /* AppDelegate.swift */,
				04A7F2672537F2F80028E12D /* SceneDelegate.swift */,
				04A7F2692537F2F80028E12D /* ViewController.swift */,
				04A7F2952537F8380028E12D /* BookTableViewCell.swift */,
				04A7F2972537FEC20028E12D /* HeaderTableViewCell.swift */,
				04A7F26B2537F2F80028E12D /* Main.storyboard */,
				04A7F26E2537F2FA0028E12D /* Assets.xcassets */,
				04A7F2702537F2FA0028E12D /* LaunchScreen.storyboard */,
				04A7F2732537F2FA0028E12D /* Info.plist */,
			);
			path = pratilipy;
			sourceTree = "<group>";
		};
		04A7F27B2537F2FB0028E12D /* pratilipyTests */ = {
			isa = PBXGroup;
			children = (
				04A7F27C2537F2FB0028E12D /* pratilipyTests.swift */,
				04A7F27E2537F2FB0028E12D /* Info.plist */,
			);
			path = pratilipyTests;
			sourceTree = "<group>";
		};
		04A7F2862537F2FB0028E12D /* pratilipyUITests */ = {
			isa = PBXGroup;
			children = (
				04A7F2872537F2FB0028E12D /* pratilipyUITests.swift */,
				04A7F2892537F2FB0028E12D /* Info.plist */,
			);
			path = pratilipyUITests;
			sourceTree = "<group>";
		};
/* End PBXGroup section */

/* Begin PBXNativeTarget section */
		04A7F2612537F2F80028E12D /* pratilipy */ = {
			isa = PBXNativeTarget;
			buildConfigurationList = 04A7F28C2537F2FB0028E12D /* Build configuration list for PBXNativeTarget "pratilipy" */;
			buildPhases = (
				04A7F25E2537F2F80028E12D /* Sources */,
				04A7F25F2537F2F80028E12D /* Frameworks */,
				04A7F2602537F2F80028E12D /* Resources */,
			);
			buildRules = (
			);
			dependencies = (
			);
			name = pratilipy;
			productName = pratilipy;
			productReference = 04A7F2622537F2F80028E12D /* pratilipy.app */;
			productType = "com.apple.product-type.application";
		};
		04A7F2772537F2FB0028E12D /* pratilipyTests */ = {
			isa = PBXNativeTarget;
			buildConfigurationList = 04A7F28F2537F2FB0028E12D /* Build configuration list for PBXNativeTarget "pratilipyTests" */;
			buildPhases = (
				04A7F2742537F2FB0028E12D /* Sources */,
				04A7F2752537F2FB0028E12D /* Frameworks */,
				04A7F2762537F2FB0028E12D /* Resources */,
			);
			buildRules = (
			);
			dependencies = (
				04A7F27A2537F2FB0028E12D /* PBXTargetDependency */,
			);
			name = pratilipyTests;
			productName = pratilipyTests;
			productReference = 04A7F2782537F2FB0028E12D /* pratilipyTests.xctest */;
			productType = "com.apple.product-type.bundle.unit-test";
		};
		04A7F2822537F2FB0028E12D /* pratilipyUITests */ = {
			isa = PBXNativeTarget;
			buildConfigurationList = 04A7F2922537F2FB0028E12D /* Build configuration list for PBXNativeTarget "pratilipyUITests" */;
			buildPhases = (
				04A7F27F2537F2FB0028E12D /* Sources */,
				04A7F2802537F2FB0028E12D /* Frameworks */,
				04A7F2812537F2FB0028E12D /* Resources */,
			);
			buildRules = (
			);
			dependencies = (
				04A7F2852537F2FB0028E12D /* PBXTargetDependency */,
			);
			name = pratilipyUITests;
			productName = pratilipyUITests;
			productReference = 04A7F2832537F2FB0028E12D /* pratilipyUITests.xctest */;
			productType = "com.apple.product-type.bundle.ui-testing";
		};
/* End PBXNativeTarget section */

/* Begin PBXProject section */
		04A7F25A2537F2F80028E12D /* Project object */ = {
			isa = PBXProject;
			attributes = {
				LastSwiftUpdateCheck = 1130;
				LastUpgradeCheck = 1130;
				ORGANIZATIONNAME = Dashu;
				TargetAttributes = {
					04A7F2612537F2F80028E12D = {
						CreatedOnToolsVersion = 11.3;
					};
					04A7F2772537F2FB0028E12D = {
						CreatedOnToolsVersion = 11.3;
						TestTargetID = 04A7F2612537F2F80028E12D;
					};
					04A7F2822537F2FB0028E12D = {
						CreatedOnToolsVersion = 11.3;
						TestTargetID = 04A7F2612537F2F80028E12D;
					};
				};
			};
			buildConfigurationList = 04A7F25D2537F2F80028E12D /* Build configuration list for PBXProject "pratilipy" */;
			compatibilityVersion = "Xcode 9.3";
			developmentRegion = en;
			hasScannedForEncodings = 0;
			knownRegions = (
				en,
				Base,
			);
			mainGroup = 04A7F2592537F2F80028E12D;
			productRefGroup = 04A7F2632537F2F80028E12D /* Products */;
			projectDirPath = "";
			projectRoot = "";
			targets = (
				04A7F2612537F2F80028E12D /* pratilipy */,
				04A7F2772537F2FB0028E12D /* pratilipyTests */,
				04A7F2822537F2FB0028E12D /* pratilipyUITests */,
			);
		};
/* End PBXProject section */

/* Begin PBXResourcesBuildPhase section */
		04A7F2602537F2F80028E12D /* Resources */ = {
			isa = PBXResourcesBuildPhase;
			buildActionMask = 2147483647;
			files = (
				04A7F2722537F2FA0028E12D /* LaunchScreen.storyboard in Resources */,
				04A7F26F2537F2FA0028E12D /* Assets.xcassets in Resources */,
				04A7F26D2537F2F80028E12D /* Main.storyboard in Resources */,
			);
			runOnlyForDeploymentPostprocessing = 0;
		};
		04A7F2762537F2FB0028E12D /* Resources */ = {
			isa = PBXResourcesBuildPhase;
			buildActionMask = 2147483647;
			files = (
			);
			runOnlyForDeploymentPostprocessing = 0;
		};
		04A7F2812537F2FB0028E12D /* Resources */ = {
			isa = PBXResourcesBuildPhase;
			buildActionMask = 2147483647;
			files = (
			);
			runOnlyForDeploymentPostprocessing = 0;
		};
/* End PBXResourcesBuildPhase section */

/* Begin PBXSourcesBuildPhase section */
		04A7F25E2537F2F80028E12D /* Sources */ = {
			isa = PBXSourcesBuildPhase;
			buildActionMask = 2147483647;
			files = (
				04A7F2962537F8380028E12D /* BookTableViewCell.swift in Sources */,
				04A7F2982537FEC20028E12D /* HeaderTableViewCell.swift in Sources */,
				04A7F26A2537F2F80028E12D /* ViewController.swift in Sources */,
				04A7F2662537F2F80028E12D /* AppDelegate.swift in Sources */,
				04A7F2682537F2F80028E12D /* SceneDelegate.swift in Sources */,
			);
			runOnlyForDeploymentPostprocessing = 0;
		};
		04A7F2742537F2FB0028E12D /* Sources */ = {
			isa = PBXSourcesBuildPhase;
			buildActionMask = 2147483647;
			files = (
				04A7F27D2537F2FB0028E12D /* pratilipyTests.swift in Sources */,
			);
			runOnlyForDeploymentPostprocessing = 0;
		};
		04A7F27F2537F2FB0028E12D /* Sources */ = {
			isa = PBXSourcesBuildPhase;
			buildActionMask = 2147483647;
			files = (
				04A7F2882537F2FB0028E12D /* pratilipyUITests.swift in Sources */,
			);
			runOnlyForDeploymentPostprocessing = 0;
		};
/* End PBXSourcesBuildPhase section */

/* Begin PBXTargetDependency section */
		04A7F27A2537F2FB0028E12D /* PBXTargetDependency */ = {
			isa = PBXTargetDependency;
			target = 04A7F2612537F2F80028E12D /* pratilipy */;
			targetProxy = 04A7F2792537F2FB0028E12D /* PBXContainerItemProxy */;
		};
		04A7F2852537F2FB0028E12D /* PBXTargetDependency */ = {
			isa = PBXTargetDependency;
			target = 04A7F2612537F2F80028E12D /* pratilipy */;
			targetProxy = 04A7F2842537F2FB0028E12D /* PBXContainerItemProxy */;
		};
/* End PBXTargetDependency section */

/* Begin PBXVariantGroup section */
		04A7F26B2537F2F80028E12D /* Main.storyboard */ = {
			isa = PBXVariantGroup;
			children = (
				04A7F26C2537F2F80028E12D /* Base */,
			);
			name = Main.storyboard;
			sourceTree = "<group>";
		};
		04A7F2702537F2FA0028E12D /* LaunchScreen.storyboard */ = {
			isa = PBXVariantGroup;
			children = (
				04A7F2712537F2FA0028E12D /* Base */,
			);
			name = LaunchScreen.storyboard;
			sourceTree = "<group>";
		};
/* End PBXVariantGroup section */

/* Begin XCBuildConfiguration section */
		04A7F28A2537F2FB0028E12D /* Debug */ = {
			isa = XCBuildConfiguration;
			buildSettings = {
				ALWAYS_SEARCH_USER_PATHS = NO;
				CLANG_ANALYZER_NONNULL = YES;
				CLANG_ANALYZER_NUMBER_OBJECT_CONVERSION = YES_AGGRESSIVE;
				CLANG_CXX_LANGUAGE_STANDARD = "gnu++14";
				CLANG_CXX_LIBRARY = "libc++";
				CLANG_ENABLE_MODULES = YES;
				CLANG_ENABLE_OBJC_ARC = YES;
				CLANG_ENABLE_OBJC_WEAK = YES;
				CLANG_WARN_BLOCK_CAPTURE_AUTORELEASING = YES;
				CLANG_WARN_BOOL_CONVERSION = YES;
				CLANG_WARN_COMMA = YES;
				CLANG_WARN_CONSTANT_CONVERSION = YES;
				CLANG_WARN_DEPRECATED_OBJC_IMPLEMENTATIONS = YES;
				CLANG_WARN_DIRECT_OBJC_ISA_USAGE = YES_ERROR;
				CLANG_WARN_DOCUMENTATION_COMMENTS = YES;
				CLANG_WARN_EMPTY_BODY = YES;
				CLANG_WARN_ENUM_CONVERSION = YES;
				CLANG_WARN_INFINITE_RECURSION = YES;
				CLANG_WARN_INT_CONVERSION = YES;
				CLANG_WARN_NON_LITERAL_NULL_CONVERSION = YES;
				CLANG_WARN_OBJC_IMPLICIT_RETAIN_SELF = YES;
				CLANG_WARN_OBJC_LITERAL_CONVERSION = YES;
				CLANG_WARN_OBJC_ROOT_CLASS = YES_ERROR;
				CLANG_WARN_RANGE_LOOP_ANALYSIS = YES;
				CLANG_WARN_STRICT_PROTOTYPES = YES;
				CLANG_WARN_SUSPICIOUS_MOVE = YES;
				CLANG_WARN_UNGUARDED_AVAILABILITY = YES_AGGRESSIVE;
				CLANG_WARN_UNREACHABLE_CODE = YES;
				CLANG_WARN__DUPLICATE_METHOD_MATCH = YES;
				COPY_PHASE_STRIP = NO;
				DEBUG_INFORMATION_FORMAT = dwarf;
				ENABLE_STRICT_OBJC_MSGSEND = YES;
				ENABLE_TESTABILITY = YES;
				GCC_C_LANGUAGE_STANDARD = gnu11;
				GCC_DYNAMIC_NO_PIC = NO;
				GCC_NO_COMMON_BLOCKS = YES;
				GCC_OPTIMIZATION_LEVEL = 0;
				GCC_PREPROCESSOR_DEFINITIONS = (
					"DEBUG=1",
					"$(inherited)",
				);
				GCC_WARN_64_TO_32_BIT_CONVERSION = YES;
				GCC_WARN_ABOUT_RETURN_TYPE = YES_ERROR;
				GCC_WARN_UNDECLARED_SELECTOR = YES;
				GCC_WARN_UNINITIALIZED_AUTOS = YES_AGGRESSIVE;
				GCC_WARN_UNUSED_FUNCTION = YES;
				GCC_WARN_UNUSED_VARIABLE = YES;
				IPHONEOS_DEPLOYMENT_TARGET = 13.2;
				MTL_ENABLE_DEBUG_INFO = INCLUDE_SOURCE;
				MTL_FAST_MATH = YES;
				ONLY_ACTIVE_ARCH = YES;
				SDKROOT = iphoneos;
				SWIFT_ACTIVE_COMPILATION_CONDITIONS = DEBUG;
				SWIFT_OPTIMIZATION_LEVEL = "-Onone";
			};
			name = Debug;
		};
		04A7F28B2537F2FB0028E12D /* Release */ = {
			isa = XCBuildConfiguration;
			buildSettings = {
				ALWAYS_SEARCH_USER_PATHS = NO;
				CLANG_ANALYZER_NONNULL = YES;
				CLANG_ANALYZER_NUMBER_OBJECT_CONVERSION = YES_AGGRESSIVE;
				CLANG_CXX_LANGUAGE_STANDARD = "gnu++14";
				CLANG_CXX_LIBRARY = "libc++";
				CLANG_ENABLE_MODULES = YES;
				CLANG_ENABLE_OBJC_ARC = YES;
				CLANG_ENABLE_OBJC_WEAK = YES;
				CLANG_WARN_BLOCK_CAPTURE_AUTORELEASING = YES;
				CLANG_WARN_BOOL_CONVERSION = YES;
				CLANG_WARN_COMMA = YES;
				CLANG_WARN_CONSTANT_CONVERSION = YES;
				CLANG_WARN_DEPRECATED_OBJC_IMPLEMENTATIONS = YES;
				CLANG_WARN_DIRECT_OBJC_ISA_USAGE = YES_ERROR;
				CLANG_WARN_DOCUMENTATION_COMMENTS = YES;
				CLANG_WARN_EMPTY_BODY = YES;
				CLANG_WARN_ENUM_CONVERSION = YES;
				CLANG_WARN_INFINITE_RECURSION = YES;
				CLANG_WARN_INT_CONVERSION = YES;
				CLANG_WARN_NON_LITERAL_NULL_CONVERSION = YES;
				CLANG_WARN_OBJC_IMPLICIT_RETAIN_SELF = YES;
				CLANG_WARN_OBJC_LITERAL_CONVERSION = YES;
				CLANG_WARN_OBJC_ROOT_CLASS = YES_ERROR;
				CLANG_WARN_RANGE_LOOP_ANALYSIS = YES;
				CLANG_WARN_STRICT_PROTOTYPES = YES;
				CLANG_WARN_SUSPICIOUS_MOVE = YES;
				CLANG_WARN_UNGUARDED_AVAILABILITY = YES_AGGRESSIVE;
				CLANG_WARN_UNREACHABLE_CODE = YES;
				CLANG_WARN__DUPLICATE_METHOD_MATCH = YES;
				COPY_PHASE_STRIP = NO;
				DEBUG_INFORMATION_FORMAT = "dwarf-with-dsym";
				ENABLE_NS_ASSERTIONS = NO;
				ENABLE_STRICT_OBJC_MSGSEND = YES;
				GCC_C_LANGUAGE_STANDARD = gnu11;
				GCC_NO_COMMON_BLOCKS = YES;
				GCC_WARN_64_TO_32_BIT_CONVERSION = YES;
				GCC_WARN_ABOUT_RETURN_TYPE = YES_ERROR;
				GCC_WARN_UNDECLARED_SELECTOR = YES;
				GCC_WARN_UNINITIALIZED_AUTOS = YES_AGGRESSIVE;
				GCC_WARN_UNUSED_FUNCTION = YES;
				GCC_WARN_UNUSED_VARIABLE = YES;
				IPHONEOS_DEPLOYMENT_TARGET = 13.2;
				MTL_ENABLE_DEBUG_INFO = NO;
				MTL_FAST_MATH = YES;
				SDKROOT = iphoneos;
				SWIFT_COMPILATION_MODE = wholemodule;
				SWIFT_OPTIMIZATION_LEVEL = "-O";
				VALIDATE_PRODUCT = YES;
			};
			name = Release;
		};
		04A7F28D2537F2FB0028E12D /* Debug */ = {
			isa = XCBuildConfiguration;
			buildSettings = {
				ASSETCATALOG_COMPILER_APPICON_NAME = AppIcon;
				CODE_SIGN_STYLE = Automatic;
				INFOPLIST_FILE = pratilipy/Info.plist;
				LD_RUNPATH_SEARCH_PATHS = (
					"$(inherited)",
					"@executable_path/Frameworks",
				);
				PRODUCT_BUNDLE_IDENTIFIER = com.app.pratilipy;
				PRODUCT_NAME = "$(TARGET_NAME)";
				SWIFT_VERSION = 5.0;
				TARGETED_DEVICE_FAMILY = "1,2";
			};
			name = Debug;
		};
		04A7F28E2537F2FB0028E12D /* Release */ = {
			isa = XCBuildConfiguration;
			buildSettings = {
				ASSETCATALOG_COMPILER_APPICON_NAME = AppIcon;
				CODE_SIGN_STYLE = Automatic;
				INFOPLIST_FILE = pratilipy/Info.plist;
				LD_RUNPATH_SEARCH_PATHS = (
					"$(inherited)",
					"@executable_path/Frameworks",
				);
				PRODUCT_BUNDLE_IDENTIFIER = com.app.pratilipy;
				PRODUCT_NAME = "$(TARGET_NAME)";
				SWIFT_VERSION = 5.0;
				TARGETED_DEVICE_FAMILY = "1,2";
			};
			name = Release;
		};
		04A7F2902537F2FB0028E12D /* Debug */ = {
			isa = XCBuildConfiguration;
			buildSettings = {
				ALWAYS_EMBED_SWIFT_STANDARD_LIBRARIES = YES;
				BUNDLE_LOADER = "$(TEST_HOST)";
				CODE_SIGN_STYLE = Automatic;
				INFOPLIST_FILE = pratilipyTests/Info.plist;
				IPHONEOS_DEPLOYMENT_TARGET = 13.2;
				LD_RUNPATH_SEARCH_PATHS = (
					"$(inherited)",
					"@executable_path/Frameworks",
					"@loader_path/Frameworks",
				);
				PRODUCT_BUNDLE_IDENTIFIER = com.app.pratilipyTests;
				PRODUCT_NAME = "$(TARGET_NAME)";
				SWIFT_VERSION = 5.0;
				TARGETED_DEVICE_FAMILY = "1,2";
				TEST_HOST = "$(BUILT_PRODUCTS_DIR)/pratilipy.app/pratilipy";
			};
			name = Debug;
		};
		04A7F2912537F2FB0028E12D /* Release */ = {
			isa = XCBuildConfiguration;
			buildSettings = {
				ALWAYS_EMBED_SWIFT_STANDARD_LIBRARIES = YES;
				BUNDLE_LOADER = "$(TEST_HOST)";
				CODE_SIGN_STYLE = Automatic;
				INFOPLIST_FILE = pratilipyTests/Info.plist;
				IPHONEOS_DEPLOYMENT_TARGET = 13.2;
				LD_RUNPATH_SEARCH_PATHS = (
					"$(inherited)",
					"@executable_path/Frameworks",
					"@loader_path/Frameworks",
				);
				PRODUCT_BUNDLE_IDENTIFIER = com.app.pratilipyTests;
				PRODUCT_NAME = "$(TARGET_NAME)";
				SWIFT_VERSION = 5.0;
				TARGETED_DEVICE_FAMILY = "1,2";
				TEST_HOST = "$(BUILT_PRODUCTS_DIR)/pratilipy.app/pratilipy";
			};
			name = Release;
		};
		04A7F2932537F2FB0028E12D /* Debug */ = {
			isa = XCBuildConfiguration;
			buildSettings = {
				ALWAYS_EMBED_SWIFT_STANDARD_LIBRARIES = YES;
				CODE_SIGN_STYLE = Automatic;
				INFOPLIST_FILE = pratilipyUITests/Info.plist;
				LD_RUNPATH_SEARCH_PATHS = (
					"$(inherited)",
					"@executable_path/Frameworks",
					"@loader_path/Frameworks",
				);
				PRODUCT_BUNDLE_IDENTIFIER = com.app.pratilipyUITests;
				PRODUCT_NAME = "$(TARGET_NAME)";
				SWIFT_VERSION = 5.0;
				TARGETED_DEVICE_FAMILY = "1,2";
				TEST_TARGET_NAME = pratilipy;
			};
			name = Debug;
		};
		04A7F2942537F2FB0028E12D /* Release */ = {
			isa = XCBuildConfiguration;
			buildSettings = {
				ALWAYS_EMBED_SWIFT_STANDARD_LIBRARIES = YES;
				CODE_SIGN_STYLE = Automatic;
				INFOPLIST_FILE = pratilipyUITests/Info.plist;
				LD_RUNPATH_SEARCH_PATHS = (
					"$(inherited)",
					"@executable_path/Frameworks",
					"@loader_path/Frameworks",
				);
				PRODUCT_BUNDLE_IDENTIFIER = com.app.pratilipyUITests;
				PRODUCT_NAME = "$(TARGET_NAME)";
				SWIFT_VERSION = 5.0;
				TARGETED_DEVICE_FAMILY = "1,2";
				TEST_TARGET_NAME = pratilipy;
			};
			name = Release;
		};
/* End XCBuildConfiguration section */

/* Begin XCConfigurationList section */
		04A7F25D2537F2F80028E12D /* Build configuration list for PBXProject "pratilipy" */ = {
			isa = XCConfigurationList;
			buildConfigurations = (
				04A7F28A2537F2FB0028E12D /* Debug */,
				04A7F28B2537F2FB0028E12D /* Release */,
			);
			defaultConfigurationIsVisible = 0;
			defaultConfigurationName = Release;
		};
		04A7F28C2537F2FB0028E12D /* Build configuration list for PBXNativeTarget "pratilipy" */ = {
			isa = XCConfigurationList;
			buildConfigurations = (
				04A7F28D2537F2FB0028E12D /* Debug */,
				04A7F28E2537F2FB0028E12D /* Release */,
			);
			defaultConfigurationIsVisible = 0;
			defaultConfigurationName = Release;
		};
		04A7F28F2537F2FB0028E12D /* Build configuration list for PBXNativeTarget "pratilipyTests" */ = {
			isa = XCConfigurationList;
			buildConfigurations = (
				04A7F2902537F2FB0028E12D /* Debug */,
				04A7F2912537F2FB0028E12D /* Release */,
			);
			defaultConfigurationIsVisible = 0;
			defaultConfigurationName = Release;
		};
		04A7F2922537F2FB0028E12D /* Build configuration list for PBXNativeTarget "pratilipyUITests" */ = {
			isa = XCConfigurationList;
			buildConfigurations = (
				04A7F2932537F2FB0028E12D /* Debug */,
				04A7F2942537F2FB0028E12D /* Release */,
			);
			defaultConfigurationIsVisible = 0;
			defaultConfigurationName = Release;
		};
/* End XCConfigurationList section */
	};
	rootObject = 04A7F25A2537F2F80028E12D /* Project object */;
}
